github.com/aws/aws-sdk-go-v2 v1.25.0 h1:sv7+1JVJxOu/dD/sz/csHX7jFqmP001TIY7aytBWDSQ=
github.com/aws/aws-sdk-go-v2 v1.25.0/go.mod h1:G104G1Aho5WqF+SR3mDIobTABQzpYV0WxMsKxlMggOA=
github.com/aws/aws-sdk-go-v2/aws/protocol/eventstream v1.6.0 h1:2UO6/nT1lCZq1LqM67Oa4tdgP1CvL1sLSxvuD+VrOeE=
github.com/aws/aws-sdk-go-v2/aws/protocol/eventstream v1.6.0/go.mod h1:5zGj2eA85ClyedTDK+Whsu+w9yimnVIZvhvBKrDquM8=
github.com/aws/aws-sdk-go-v2/config v1.26.6 h1:Z/7w9bUqlRI0FFQpetVuFYEsjzE3h7fpU6HuGmfPL/o=
github.com/aws/aws-sdk-go-v2/config v1.26.6/go.mod h1:uKU6cnDmYCvJ+pxO9S4cWDb2yWWIH5hra+32hVh1MI4=
github.com/aws/aws-sdk-go-v2/credentials v1.16.16 h1:8q6Rliyv0aUFAVtzaldUEcS+T5gbadPbWdV1WcAddK8=
github.com/aws/aws-sdk-go-v2/credentials v1.16.16/go.mod h1:UHVZrdUsv63hPXFo1H7c5fEneoVo9UXiz36QG1GEPi0=
github.com/aws/aws-sdk-go-v2/feature/ec2/imds v1.14.11 h1:c5I5iH+DZcH3xOIMlz3/tCKJDaHFwYEmxvlh2fAcFo8=
github.com/aws/aws-sdk-go-v2/feature/ec2/imds v1.14.11/go.mod h1:cRrYDYAMUohBJUtUnOhydaMHtiK/1NZ0Otc9lIb6O0Y=
github.com/aws/aws-sdk-go-v2/internal/configsources v1.3.0 h1:NPs/EqVO+ajwOoq56EfcGKa3L3ruWuazkIw1BqxwOPw=
github.com/aws/aws-sdk-go-v2/internal/configsources v1.3.0/go.mod h1:D+duLy2ylgatV+yTlQ8JTuLfDD0BnFvnQRc+o6tbZ4M=
github.com/aws/aws-sdk-go-v2/internal/endpoints/v2 v2.6.0 h1:ks7KGMVUMoDzcxNWUlEdI+/lokMFD136EL6DWmUOV80=
github.com/aws/aws-sdk-go-v2/internal/endpoints/v2 v2.6.0/go.mod h1:hL6BWM/d/qz113fVitZjbXR0E+RCTU1+x+1Idyn5NgE=
github.com/aws/aws-sdk-go-v2/internal/ini v1.7.3 h1:n3GDfwqF2tzEkXlv5cuy4iy7LpKDtqDMcNLfZDu9rls=
github.com/aws/aws-sdk-go-v2/internal/ini v1.7.3/go.mod h1:6fQQgfuGmw8Al/3M2IgIllycxV7ZW7WCdVSqfBeUiCY=
github.com/aws/aws-sdk-go-v2/internal/v4a v1.3.0 h1:TkbRExyKSVHELwG9gz2+gql37jjec2R5vus9faTomwE=
github.com/aws/aws-sdk-go-v2/internal/v4a v1.3.0/go.mod h1:T3/9xMKudHhnj8it5EqIrhvv11tVZqWYkKcot+BFStc=
github.com/aws/aws-sdk-go-v2/service/internal/accept-encoding v1.11.0 h1:a33HuFlO0KsveiP90IUJh8Xr/cx9US2PqkSroaLc+o8=
github.com/aws/aws-sdk-go-v2/service/internal/accept-encoding v1.11.0/go.mod h1:SxIkWpByiGbhbHYTo9CMTUnx2G4p4ZQMrDPcRRy//1c=
github.com/aws/aws-sdk-go-v2/service/internal/checksum v1.3.0 h1:UiSyK6ent6OKpkMJN3+k5HZ4sk4UfchEaaW5wv7SblQ=
github.com/aws/aws-sdk-go-v2/service/internal/checksum v1.3.0/go.mod h1:l7kzl8n8DXoRyFz5cIMG70HnPauWa649TUhgw8Rq6lo=
github.com/aws/aws-sdk-go-v2/service/internal/presigned-url v1.11.0 h1:SHN/umDLTmFTmYfI+gkanz6da3vK8Kvj/5wkqnTHbuA=
github.com/aws/aws-sdk-go-v2/service/internal/presigned-url v1.11.0/go.mod h1:l8gPU5RYGOFHJqWEpPMoRTP0VoaWQSkJdKo+hwWnnDA=
github.com/aws/aws-sdk-go-v2/service/internal/s3shared v1.17.0 h1:l5puwOHr7IxECuPMIuZG7UKOzAnF24v6t4l+Z5Moay4=
github.com/aws/aws-sdk-go-v2/service/internal/s3shared v1.17.0/go.mod h1:Oov79flWa/n7Ni+lQC3z+VM7PoRM47omRqbJU9B5Y7E=
github.com/aws/aws-sdk-go-v2/service/s3 v1.50.1 h1:bjpWJEXch7moIt3PX2r5XpGROsletl7enqG1Q3Te1Dc=
github.com/aws/aws-sdk-go-v2/service/s3 v1.50.1/go.mod h1:1o/W6JFUuREj2ExoQ21vHJgO7wakvjhol91M9eknFgs=
github.com/aws/aws-sdk-go-v2/service/sso v1.18.7 h1:eajuO3nykDPdYicLlP3AGgOyVN3MOlFmZv7WGTuJPow=
github.com/aws/aws-sdk-go-v2/service/sso v1.18.7/go.mod h1:+mJNDdF+qiUlNKNC3fxn74WWNN+sOiGOEImje+3ScPM=
github.com/aws/aws-sdk-go-v2/service/ssooidc v1.21.7 h1:QPMJf+Jw8E1l7zqhZmMlFw6w1NmfkfiSK8mS4zOx3BA=
github.com/aws/aws-sdk-go-v2/service/ssooidc v1.21.7/go.mod h1:ykf3COxYI0UJmxcfcxcVuz7b6uADi1FkiUz6Eb7AgM8=
github.com/aws/aws-sdk-go-v2/service/sts v1.26.7 h1:NzO4Vrau795RkUdSHKEwiR01FaGzGOH1EETJ+5QHnm0=
github.com/aws/aws-sdk-go-v2/service/sts v1.26.7/go.mod h1:6h2YuIoxaMSCFf5fi1EgZAwdfkGMgDY+DVfa61uLe4U=
github.com/aws/smithy-go v1.20.0 h1:6+kZsCXZwKxZS9RfISnPc4EXlHoyAkm2hPuM8X2BrrQ=
github.com/aws/smithy-go v1.20.0/go.mod h1:uo5RKksAl4PzhqaAbjd4rLgFoq5koTsQKYuGe7dklGc=
github.com/golang/freetype v0.0.0-20170609003504-e2365dfdc4a0 h1:DACJavvAHhabrF08vX0COfcOBJRhZ8lUbR+ZWIs0Y5g=
github.com/golang/freetype v0.0.0-20170609003504-e2365dfdc4a0/go.mod h1:E/TSTwGwJL78qG/PmXZO1EjYhfJinVAhrmmHX6Z8B9k=
github.com/google/go-cmp v0.5.8 h1:e6P7q2lk1O+qJJb4BtCQXlK8vWEO8V1ZeuEdJNOqZyg=
github.com/google/go-cmp v0.5.8/go.mod h1:17dUlkBOakJ0+DkrSSNjCkIjxS6bF9zb3elmeNGIjoY=
github.com/gorilla/websocket v1.5.0 h1:PPwGk2jz7EePpoHN/+ClbZu8SPxiqlu12wZP/3sWmnc=
github.com/gorilla/websocket v1.5.0/go.mod h1:YR8l580nyteQvAITg2hZ9XVh4b55+EU/adAjf1fMHhE=
github.com/lainio/err2 v0.9.52 h1:o58r5CDrXFpYun4J2Px14yIb+SnG1MISmEbQ++mfqR8=
github.com/lainio/err2 v0.9.52/go.mod h1:glTVV2qNFbBy6WzZFDP2G5BqMiZI58cudp588cEgCuM=
github.com/mattn/go-mastodon v0.0.6 h1:lqU1sOeeIapaDsDUL6udDZIzMb2Wqapo347VZlaOzf0=
github.com/mattn/go-mastodon v0.0.6/go.mod h1:cg7RFk2pcUfHZw/IvKe1FUzmlq5KnLFqs7eV2PHplV8=
github.com/tomnomnom/linkheader v0.0.0-20180905144013-02ca5825eb80 h1:nrZ3ySNYwJbSpD6ce9duiP+QkD3JuLCcWkdaehUS/3Y=
github.com/tomnomnom/linkheader v0.0.0-20180905144013-02ca5825eb80/go.mod h1:iFyPdL66DjUD96XmzVL3ZntbzcflLnznH0fr99w5VqE=
golang.org/x/image v0.15.0 h1:kOELfmgrmJlw4Cdb7g/QGuB3CvDrXbqEIww/pNtNBm8=
golang.org/x/image v0.15.0/go.mod h1:HUYqC05R2ZcZ3ejNQsIHQDQiwWM4JBqmm6MKANTp4LE=
golang.org/x/net v0.21.0 h1:AQyQV4dYCvJ7vGmJyKki9+PBdyvhkSd8EIx/qb0AYv4=
golang.org/x/net v0.21.0/go.mod h1:bIjVDfnllIU7BJ2DNgfnXvpSvtn8VRwhlsaeUTyUS44=
golang.org/x/text v0.14.0 h1:ScX5w1eTa3QqT8oi6+ziP7dTV1S2+ALU0bI+0zXKWiQ=
golang.org/x/text v0.14.0/go.mod h1:18ZOQIKpY8NJVqYksKHtTdi31H5itFRjB5/qKTNYzSU=
