github.com/lainio/err2 v0.9.41 h1:aTJOSUvq7WIZJjVkDvefLakW734buyLhM2Bkj8K4AVM=
github.com/lainio/err2 v0.9.41/go.mod h1:glTVV2qNFbBy6WzZFDP2G5BqMiZI58cudp588cEgCuM=
golang.org/x/net v0.15.0 h1:ugBLEUaxABaB5AJqW9enI0ACdci2RUd4eP51NTBvuJ8=
golang.org/x/net v0.15.0/go.mod h1:idbUs1IY1+zTqbi8yxTbhexhEEk5ur9LInksu6HrEpk=
